# THIS IS AN AUTOGENERATED FILE. DO NOT EDIT THIS FILE DIRECTLY.
# yarn lockfile v1


"@forte-music/schema@^0.0.43":
  version "0.0.43"
  resolved "https://registry.yarnpkg.com/@forte-music/schema/-/schema-0.0.43.tgz#beb8bd3a1ff378ef3f7807c3ba464315e1b2387c"
  integrity sha512-DAAl35kJ28qV4vWUK3RtfNDiMR2fnEOuBZiRFHN8n8LHrDWvW5+34alNeWp0uUTxC97L1A8SqX0Wb1JzZagUQw==
