# THIS IS AN AUTOGENERATED FILE. DO NOT EDIT THIS FILE DIRECTLY.
# yarn lockfile v1


"@forte-music/schema@^0.0.8":
  version "0.0.8"
  resolved "https://registry.yarnpkg.com/@forte-music/schema/-/schema-0.0.8.tgz#b794f1b78f9c844dd30f238d286a7e1ac0f6268f"
  dependencies:
    graphql "^0.12.3"
    graphql-tag "^2.6.1"

graphql-tag@^2.6.1:
  version "2.6.1"
  resolved "https://registry.yarnpkg.com/graphql-tag/-/graphql-tag-2.6.1.tgz#4788d509f6e29607d947fc47a40c4e18f736d34a"

graphql@^0.12.3:
  version "0.12.3"
  resolved "https://registry.yarnpkg.com/graphql/-/graphql-0.12.3.tgz#11668458bbe28261c0dcb6e265f515ba79f6ce07"
  dependencies:
    iterall "1.1.3"

iterall@1.1.3:
  version "1.1.3"
  resolved "https://registry.yarnpkg.com/iterall/-/iterall-1.1.3.tgz#1cbbff96204056dde6656e2ed2e2226d0e6d72c9"
